{
  "nodes": {
    "nixpkgs": {
      "locked": {
        "lastModified": 1642160200,
        "narHash": "sha256-5mb1nvh2vWlnKvyJzGNKsL7AQRFk+H5E/Xh83fTzYG4=",
        "owner": "NixOS",
        "repo": "nixpkgs",
        "rev": "7fad01d9d5a3f82081c00fb57918d64145dc904c",
        "type": "github"
      },
      "original": {
        "id": "nixpkgs",
        "rev": "7fad01d9d5a3f82081c00fb57918d64145dc904c",
        "type": "indirect"
      }
    },
    "root": {
      "inputs": {
        "nixpkgs": "nixpkgs"
      }
    }
  },
  "root": "root",
  "version": 7
}
